
Microsoft Visual Studio Solution File, Format Version 12.00
# Visual Studio Version 17
VisualStudioVersion = 17.11.35312.102
MinimumVisualStudioVersion = 10.0.40219.1
Project("{9A19103F-16F7-4668-BE54-9A1E7A4F7556}") = "TodoGrpc", "TodoGrpc\TodoGrpc.csproj", "{081A091B-10D4-4281-9961-24060B689641}"
EndProject
Global
	GlobalSection(SolutionConfigurationPlatforms) = preSolution
		Debug|Any CPU = Debug|Any CPU
		Release|Any CPU = Release|Any CPU
	EndGlobalSection
	GlobalSection(ProjectConfigurationPlatforms) = postSolution
		{081A091B-10D4-4281-9961-24060B689641}.Debug|Any CPU.ActiveCfg = Debug|Any CPU
		{081A091B-10D4-4281-9961-24060B689641}.Debug|Any CPU.Build.0 = Debug|Any CPU
		{081A091B-10D4-4281-9961-24060B689641}.Release|Any CPU.ActiveCfg = Release|Any CPU
		{081A091B-10D4-4281-9961-24060B689641}.Release|Any CPU.Build.0 = Release|Any CPU
	EndGlobalSection
	GlobalSection(SolutionProperties) = preSolution
		HideSolutionNode = FALSE
	EndGlobalSection
	GlobalSection(ExtensibilityGlobals) = postSolution
		SolutionGuid = {4DFA9A22-6C3F-4210-9C6C-371DF7A20F13}
	EndGlobalSection
EndGlobal
